# THIS IS AN AUTOGENERATED FILE. DO NOT EDIT THIS FILE DIRECTLY.
# yarn lockfile v1


passport-custom@^1.0.5:
  version "1.0.5"
  resolved "https://registry.yarnpkg.com/passport-custom/-/passport-custom-1.0.5.tgz#2d1d9c174a6a4685bf0289bce61091cd5ec7b0f4"
  dependencies:
    passport-strategy "1.x.x"

passport-strategy@1.x.x:
  version "1.0.0"
  resolved "https://registry.yarnpkg.com/passport-strategy/-/passport-strategy-1.0.0.tgz#b5539aa8fc225a3d1ad179476ddf236b440f52e4"
